// !$*UTF8*$!
{
	archiveVersion = 1;
	classes = {
	};
	objectVersion = 50;
	objects = {

/* Begin PBXBuildFile section */
		C91AE68D219199D4005A8286 /* NavigationController.swift in Sources */ = {isa = PBXBuildFile; fileRef = C91AE68C219199D4005A8286 /* NavigationController.swift */; };
		C9E8AED1218DADD600332D5C /* AppDelegate.swift in Sources */ = {isa = PBXBuildFile; fileRef = C9E8AED0218DADD600332D5C /* AppDelegate.swift */; };
		C9E8AED3218DADD600332D5C /* ViewController.swift in Sources */ = {isa = PBXBuildFile; fileRef = C9E8AED2218DADD600332D5C /* ViewController.swift */; };
		C9E8AED6218DADD600332D5C /* Main.storyboard in Resources */ = {isa = PBXBuildFile; fileRef = C9E8AED4218DADD600332D5C /* Main.storyboard */; };
		C9E8AED8218DADD800332D5C /* Assets.xcassets in Resources */ = {isa = PBXBuildFile; fileRef = C9E8AED7218DADD800332D5C /* Assets.xcassets */; };
		C9E8AEDB218DADD800332D5C /* LaunchScreen.storyboard in Resources */ = {isa = PBXBuildFile; fileRef = C9E8AED9218DADD800332D5C /* LaunchScreen.storyboard */; };
		C9E8AEE5218DAE1600332D5C /* Auto.swift in Sources */ = {isa = PBXBuildFile; fileRef = C9E8AEE3218DAE1600332D5C /* Auto.swift */; };
		C9E8AEE6218DAE1600332D5C /* Inch.swift in Sources */ = {isa = PBXBuildFile; fileRef = C9E8AEE4218DAE1600332D5C /* Inch.swift */; };
		C9E8AEEB2190002E00332D5C /* TikTok.storyboard in Resources */ = {isa = PBXBuildFile; fileRef = C9E8AEEA2190002E00332D5C /* TikTok.storyboard */; };
		C9E8AEED2190018100332D5C /* TikTokPhoneLoginViewController.swift in Sources */ = {isa = PBXBuildFile; fileRef = C9E8AEEC2190018100332D5C /* TikTokPhoneLoginViewController.swift */; };
		C9E8AEF0219001E000332D5C /* StoryBoard.swift in Sources */ = {isa = PBXBuildFile; fileRef = C9E8AEEF219001E000332D5C /* StoryBoard.swift */; };
		C9E8AEF2219019BE00332D5C /* TikTokPasswordLoginViewController.swift in Sources */ = {isa = PBXBuildFile; fileRef = C9E8AEF1219019BE00332D5C /* TikTokPasswordLoginViewController.swift */; };
		C9E8AEF42190339400332D5C /* Then.swift in Sources */ = {isa = PBXBuildFile; fileRef = C9E8AEF32190339400332D5C /* Then.swift */; };
/* End PBXBuildFile section */

/* Begin PBXFileReference section */
		C91AE68C219199D4005A8286 /* NavigationController.swift */ = {isa = PBXFileReference; lastKnownFileType = sourcecode.swift; path = NavigationController.swift; sourceTree = "<group>"; };
		C9E8AECD218DADD600332D5C /* AutoInchDemo.app */ = {isa = PBXFileReference; explicitFileType = wrapper.application; includeInIndex = 0; path = AutoInchDemo.app; sourceTree = BUILT_PRODUCTS_DIR; };
		C9E8AED0218DADD600332D5C /* AppDelegate.swift */ = {isa = PBXFileReference; lastKnownFileType = sourcecode.swift; path = AppDelegate.swift; sourceTree = "<group>"; };
		C9E8AED2218DADD600332D5C /* ViewController.swift */ = {isa = PBXFileReference; lastKnownFileType = sourcecode.swift; path = ViewController.swift; sourceTree = "<group>"; };
		C9E8AED5218DADD600332D5C /* Base */ = {isa = PBXFileReference; lastKnownFileType = file.storyboard; name = Base; path = Base.lproj/Main.storyboard; sourceTree = "<group>"; };
		C9E8AED7218DADD800332D5C /* Assets.xcassets */ = {isa = PBXFileReference; lastKnownFileType = folder.assetcatalog; path = Assets.xcassets; sourceTree = "<group>"; };
		C9E8AEDA218DADD800332D5C /* Base */ = {isa = PBXFileReference; lastKnownFileType = file.storyboard; name = Base; path = Base.lproj/LaunchScreen.storyboard; sourceTree = "<group>"; };
		C9E8AEDC218DADD800332D5C /* Info.plist */ = {isa = PBXFileReference; lastKnownFileType = text.plist.xml; path = Info.plist; sourceTree = "<group>"; };
		C9E8AEE3218DAE1600332D5C /* Auto.swift */ = {isa = PBXFileReference; fileEncoding = 4; lastKnownFileType = sourcecode.swift; path = Auto.swift; sourceTree = "<group>"; };
		C9E8AEE4218DAE1600332D5C /* Inch.swift */ = {isa = PBXFileReference; fileEncoding = 4; lastKnownFileType = sourcecode.swift; path = Inch.swift; sourceTree = "<group>"; };
		C9E8AEEA2190002E00332D5C /* TikTok.storyboard */ = {isa = PBXFileReference; lastKnownFileType = file.storyboard; path = TikTok.storyboard; sourceTree = "<group>"; };
		C9E8AEEC2190018100332D5C /* TikTokPhoneLoginViewController.swift */ = {isa = PBXFileReference; lastKnownFileType = sourcecode.swift; path = TikTokPhoneLoginViewController.swift; sourceTree = "<group>"; };
		C9E8AEEF219001E000332D5C /* StoryBoard.swift */ = {isa = PBXFileReference; fileEncoding = 4; lastKnownFileType = sourcecode.swift; path = StoryBoard.swift; sourceTree = "<group>"; };
		C9E8AEF1219019BE00332D5C /* TikTokPasswordLoginViewController.swift */ = {isa = PBXFileReference; lastKnownFileType = sourcecode.swift; path = TikTokPasswordLoginViewController.swift; sourceTree = "<group>"; };
		C9E8AEF32190339400332D5C /* Then.swift */ = {isa = PBXFileReference; fileEncoding = 4; lastKnownFileType = sourcecode.swift; path = Then.swift; sourceTree = "<group>"; };
/* End PBXFileReference section */

/* Begin PBXFrameworksBuildPhase section */
		C9E8AECA218DADD600332D5C /* Frameworks */ = {
			isa = PBXFrameworksBuildPhase;
			buildActionMask = 2147483647;
			files = (
			);
			runOnlyForDeploymentPostprocessing = 0;
		};
/* End PBXFrameworksBuildPhase section */

/* Begin PBXGroup section */
		C9E8AEC4218DADD600332D5C = {
			isa = PBXGroup;
			children = (
				C9E8AECF218DADD600332D5C /* AutoInchDemo */,
				C9E8AECE218DADD600332D5C /* Products */,
			);
			sourceTree = "<group>";
		};
		C9E8AECE218DADD600332D5C /* Products */ = {
			isa = PBXGroup;
			children = (
				C9E8AECD218DADD600332D5C /* AutoInchDemo.app */,
			);
			name = Products;
			sourceTree = "<group>";
		};
		C9E8AECF218DADD600332D5C /* AutoInchDemo */ = {
			isa = PBXGroup;
			children = (
				C9E8AEE2218DAE1600332D5C /* AutoInch */,
				C9E8AEEE219001B700332D5C /* Utils */,
				C9E8AEE7218FFFD800332D5C /* TikTok */,
				C9E8AED0218DADD600332D5C /* AppDelegate.swift */,
				C9E8AED2218DADD600332D5C /* ViewController.swift */,
				C91AE68C219199D4005A8286 /* NavigationController.swift */,
				C9E8AED4218DADD600332D5C /* Main.storyboard */,
				C9E8AED7218DADD800332D5C /* Assets.xcassets */,
				C9E8AED9218DADD800332D5C /* LaunchScreen.storyboard */,
				C9E8AEDC218DADD800332D5C /* Info.plist */,
			);
			path = AutoInchDemo;
			sourceTree = "<group>";
		};
		C9E8AEE2218DAE1600332D5C /* AutoInch */ = {
			isa = PBXGroup;
			children = (
				C9E8AEE3218DAE1600332D5C /* Auto.swift */,
				C9E8AEE4218DAE1600332D5C /* Inch.swift */,
			);
			name = AutoInch;
			path = ../../AutoInch;
			sourceTree = "<group>";
		};
		C9E8AEE7218FFFD800332D5C /* TikTok */ = {
			isa = PBXGroup;
			children = (
				C9E8AEE92190001300332D5C /* Controller */,
				C9E8AEE82190000700332D5C /* Storyboard */,
			);
			path = TikTok;
			sourceTree = "<group>";
		};
		C9E8AEE82190000700332D5C /* Storyboard */ = {
			isa = PBXGroup;
			children = (
				C9E8AEEA2190002E00332D5C /* TikTok.storyboard */,
			);
			path = Storyboard;
			sourceTree = "<group>";
		};
		C9E8AEE92190001300332D5C /* Controller */ = {
			isa = PBXGroup;
			children = (
				C9E8AEEC2190018100332D5C /* TikTokPhoneLoginViewController.swift */,
				C9E8AEF1219019BE00332D5C /* TikTokPasswordLoginViewController.swift */,
			);
			path = Controller;
			sourceTree = "<group>";
		};
		C9E8AEEE219001B700332D5C /* Utils */ = {
			isa = PBXGroup;
			children = (
				C9E8AEF32190339400332D5C /* Then.swift */,
				C9E8AEEF219001E000332D5C /* StoryBoard.swift */,
			);
			path = Utils;
			sourceTree = "<group>";
		};
/* End PBXGroup section */

/* Begin PBXNativeTarget section */
		C9E8AECC218DADD600332D5C /* AutoInchDemo */ = {
			isa = PBXNativeTarget;
			buildConfigurationList = C9E8AEDF218DADD800332D5C /* Build configuration list for PBXNativeTarget "AutoInchDemo" */;
			buildPhases = (
				C9E8AEC9218DADD600332D5C /* Sources */,
				C9E8AECA218DADD600332D5C /* Frameworks */,
				C9E8AECB218DADD600332D5C /* Resources */,
			);
			buildRules = (
			);
			dependencies = (
			);
			name = AutoInchDemo;
			productName = AutoInchDemo;
			productReference = C9E8AECD218DADD600332D5C /* AutoInchDemo.app */;
			productType = "com.apple.product-type.application";
		};
/* End PBXNativeTarget section */

/* Begin PBXProject section */
		C9E8AEC5218DADD600332D5C /* Project object */ = {
			isa = PBXProject;
			attributes = {
				LastSwiftUpdateCheck = 1010;
				LastUpgradeCheck = 1010;
				ORGANIZATIONNAME = swift;
				TargetAttributes = {
					C9E8AECC218DADD600332D5C = {
						CreatedOnToolsVersion = 10.1;
					};
				};
			};
			buildConfigurationList = C9E8AEC8218DADD600332D5C /* Build configuration list for PBXProject "AutoInchDemo" */;
			compatibilityVersion = "Xcode 9.3";
			developmentRegion = en;
			hasScannedForEncodings = 0;
			knownRegions = (
				en,
				Base,
			);
			mainGroup = C9E8AEC4218DADD600332D5C;
			productRefGroup = C9E8AECE218DADD600332D5C /* Products */;
			projectDirPath = "";
			projectRoot = "";
			targets = (
				C9E8AECC218DADD600332D5C /* AutoInchDemo */,
			);
		};
/* End PBXProject section */

/* Begin PBXResourcesBuildPhase section */
		C9E8AECB218DADD600332D5C /* Resources */ = {
			isa = PBXResourcesBuildPhase;
			buildActionMask = 2147483647;
			files = (
				C9E8AEDB218DADD800332D5C /* LaunchScreen.storyboard in Resources */,
				C9E8AED8218DADD800332D5C /* Assets.xcassets in Resources */,
				C9E8AED6218DADD600332D5C /* Main.storyboard in Resources */,
				C9E8AEEB2190002E00332D5C /* TikTok.storyboard in Resources */,
			);
			runOnlyForDeploymentPostprocessing = 0;
		};
/* End PBXResourcesBuildPhase section */

/* Begin PBXSourcesBuildPhase section */
		C9E8AEC9218DADD600332D5C /* Sources */ = {
			isa = PBXSourcesBuildPhase;
			buildActionMask = 2147483647;
			files = (
				C9E8AED3218DADD600332D5C /* ViewController.swift in Sources */,
				C9E8AED1218DADD600332D5C /* AppDelegate.swift in Sources */,
				C9E8AEF2219019BE00332D5C /* TikTokPasswordLoginViewController.swift in Sources */,
				C9E8AEED2190018100332D5C /* TikTokPhoneLoginViewController.swift in Sources */,
				C91AE68D219199D4005A8286 /* NavigationController.swift in Sources */,
				C9E8AEF42190339400332D5C /* Then.swift in Sources */,
				C9E8AEE5218DAE1600332D5C /* Auto.swift in Sources */,
				C9E8AEF0219001E000332D5C /* StoryBoard.swift in Sources */,
				C9E8AEE6218DAE1600332D5C /* Inch.swift in Sources */,
			);
			runOnlyForDeploymentPostprocessing = 0;
		};
/* End PBXSourcesBuildPhase section */

/* Begin PBXVariantGroup section */
		C9E8AED4218DADD600332D5C /* Main.storyboard */ = {
			isa = PBXVariantGroup;
			children = (
				C9E8AED5218DADD600332D5C /* Base */,
			);
			name = Main.storyboard;
			sourceTree = "<group>";
		};
		C9E8AED9218DADD800332D5C /* LaunchScreen.storyboard */ = {
			isa = PBXVariantGroup;
			children = (
				C9E8AEDA218DADD800332D5C /* Base */,
			);
			name = LaunchScreen.storyboard;
			sourceTree = "<group>";
		};
/* End PBXVariantGroup section */

/* Begin XCBuildConfiguration section */
		C9E8AEDD218DADD800332D5C /* Debug */ = {
			isa = XCBuildConfiguration;
			buildSettings = {
				ALWAYS_SEARCH_USER_PATHS = NO;
				CLANG_ANALYZER_NONNULL = YES;
				CLANG_ANALYZER_NUMBER_OBJECT_CONVERSION = YES_AGGRESSIVE;
				CLANG_CXX_LANGUAGE_STANDARD = "gnu++14";
				CLANG_CXX_LIBRARY = "libc++";
				CLANG_ENABLE_MODULES = YES;
				CLANG_ENABLE_OBJC_ARC = YES;
				CLANG_ENABLE_OBJC_WEAK = YES;
				CLANG_WARN_BLOCK_CAPTURE_AUTORELEASING = YES;
				CLANG_WARN_BOOL_CONVERSION = YES;
				CLANG_WARN_COMMA = YES;
				CLANG_WARN_CONSTANT_CONVERSION = YES;
				CLANG_WARN_DEPRECATED_OBJC_IMPLEMENTATIONS = YES;
				CLANG_WARN_DIRECT_OBJC_ISA_USAGE = YES_ERROR;
				CLANG_WARN_DOCUMENTATION_COMMENTS = YES;
				CLANG_WARN_EMPTY_BODY = YES;
				CLANG_WARN_ENUM_CONVERSION = YES;
				CLANG_WARN_INFINITE_RECURSION = YES;
				CLANG_WARN_INT_CONVERSION = YES;
				CLANG_WARN_NON_LITERAL_NULL_CONVERSION = YES;
				CLANG_WARN_OBJC_IMPLICIT_RETAIN_SELF = YES;
				CLANG_WARN_OBJC_LITERAL_CONVERSION = YES;
				CLANG_WARN_OBJC_ROOT_CLASS = YES_ERROR;
				CLANG_WARN_RANGE_LOOP_ANALYSIS = YES;
				CLANG_WARN_STRICT_PROTOTYPES = YES;
				CLANG_WARN_SUSPICIOUS_MOVE = YES;
				CLANG_WARN_UNGUARDED_AVAILABILITY = YES_AGGRESSIVE;
				CLANG_WARN_UNREACHABLE_CODE = YES;
				CLANG_WARN__DUPLICATE_METHOD_MATCH = YES;
				CODE_SIGN_IDENTITY = "iPhone Developer";
				COPY_PHASE_STRIP = NO;
				DEBUG_INFORMATION_FORMAT = dwarf;
				ENABLE_STRICT_OBJC_MSGSEND = YES;
				ENABLE_TESTABILITY = YES;
				GCC_C_LANGUAGE_STANDARD = gnu11;
				GCC_DYNAMIC_NO_PIC = NO;
				GCC_NO_COMMON_BLOCKS = YES;
				GCC_OPTIMIZATION_LEVEL = 0;
				GCC_PREPROCESSOR_DEFINITIONS = (
					"DEBUG=1",
					"$(inherited)",
				);
				GCC_WARN_64_TO_32_BIT_CONVERSION = YES;
				GCC_WARN_ABOUT_RETURN_TYPE = YES_ERROR;
				GCC_WARN_UNDECLARED_SELECTOR = YES;
				GCC_WARN_UNINITIALIZED_AUTOS = YES_AGGRESSIVE;
				GCC_WARN_UNUSED_FUNCTION = YES;
				GCC_WARN_UNUSED_VARIABLE = YES;
				IPHONEOS_DEPLOYMENT_TARGET = 12.1;
				MTL_ENABLE_DEBUG_INFO = INCLUDE_SOURCE;
				MTL_FAST_MATH = YES;
				ONLY_ACTIVE_ARCH = YES;
				SDKROOT = iphoneos;
				SWIFT_ACTIVE_COMPILATION_CONDITIONS = DEBUG;
				SWIFT_OPTIMIZATION_LEVEL = "-Onone";
			};
			name = Debug;
		};
		C9E8AEDE218DADD800332D5C /* Release */ = {
			isa = XCBuildConfiguration;
			buildSettings = {
				ALWAYS_SEARCH_USER_PATHS = NO;
				CLANG_ANALYZER_NONNULL = YES;
				CLANG_ANALYZER_NUMBER_OBJECT_CONVERSION = YES_AGGRESSIVE;
				CLANG_CXX_LANGUAGE_STANDARD = "gnu++14";
				CLANG_CXX_LIBRARY = "libc++";
				CLANG_ENABLE_MODULES = YES;
				CLANG_ENABLE_OBJC_ARC = YES;
				CLANG_ENABLE_OBJC_WEAK = YES;
				CLANG_WARN_BLOCK_CAPTURE_AUTORELEASING = YES;
				CLANG_WARN_BOOL_CONVERSION = YES;
				CLANG_WARN_COMMA = YES;
				CLANG_WARN_CONSTANT_CONVERSION = YES;
				CLANG_WARN_DEPRECATED_OBJC_IMPLEMENTATIONS = YES;
				CLANG_WARN_DIRECT_OBJC_ISA_USAGE = YES_ERROR;
				CLANG_WARN_DOCUMENTATION_COMMENTS = YES;
				CLANG_WARN_EMPTY_BODY = YES;
				CLANG_WARN_ENUM_CONVERSION = YES;
				CLANG_WARN_INFINITE_RECURSION = YES;
				CLANG_WARN_INT_CONVERSION = YES;
				CLANG_WARN_NON_LITERAL_NULL_CONVERSION = YES;
				CLANG_WARN_OBJC_IMPLICIT_RETAIN_SELF = YES;
				CLANG_WARN_OBJC_LITERAL_CONVERSION = YES;
				CLANG_WARN_OBJC_ROOT_CLASS = YES_ERROR;
				CLANG_WARN_RANGE_LOOP_ANALYSIS = YES;
				CLANG_WARN_STRICT_PROTOTYPES = YES;
				CLANG_WARN_SUSPICIOUS_MOVE = YES;
				CLANG_WARN_UNGUARDED_AVAILABILITY = YES_AGGRESSIVE;
				CLANG_WARN_UNREACHABLE_CODE = YES;
				CLANG_WARN__DUPLICATE_METHOD_MATCH = YES;
				CODE_SIGN_IDENTITY = "iPhone Developer";
				COPY_PHASE_STRIP = NO;
				DEBUG_INFORMATION_FORMAT = "dwarf-with-dsym";
				ENABLE_NS_ASSERTIONS = NO;
				ENABLE_STRICT_OBJC_MSGSEND = YES;
				GCC_C_LANGUAGE_STANDARD = gnu11;
				GCC_NO_COMMON_BLOCKS = YES;
				GCC_WARN_64_TO_32_BIT_CONVERSION = YES;
				GCC_WARN_ABOUT_RETURN_TYPE = YES_ERROR;
				GCC_WARN_UNDECLARED_SELECTOR = YES;
				GCC_WARN_UNINITIALIZED_AUTOS = YES_AGGRESSIVE;
				GCC_WARN_UNUSED_FUNCTION = YES;
				GCC_WARN_UNUSED_VARIABLE = YES;
				IPHONEOS_DEPLOYMENT_TARGET = 12.1;
				MTL_ENABLE_DEBUG_INFO = NO;
				MTL_FAST_MATH = YES;
				SDKROOT = iphoneos;
				SWIFT_COMPILATION_MODE = wholemodule;
				SWIFT_OPTIMIZATION_LEVEL = "-O";
				VALIDATE_PRODUCT = YES;
			};
			name = Release;
		};
		C9E8AEE0218DADD800332D5C /* Debug */ = {
			isa = XCBuildConfiguration;
			buildSettings = {
				ASSETCATALOG_COMPILER_APPICON_NAME = AppIcon;
				CODE_SIGN_STYLE = Automatic;
				DEVELOPMENT_TEAM = 683UGRW72Z;
				INFOPLIST_FILE = AutoInchDemo/Info.plist;
				IPHONEOS_DEPLOYMENT_TARGET = 10.0;
				LD_RUNPATH_SEARCH_PATHS = (
					"$(inherited)",
					"@executable_path/Frameworks",
				);
				PRODUCT_BUNDLE_IDENTIFIER = com.lee.AutoInchDemo;
				PRODUCT_NAME = "$(TARGET_NAME)";
				SWIFT_VERSION = 4.2;
				TARGETED_DEVICE_FAMILY = "1,2";
			};
			name = Debug;
		};
		C9E8AEE1218DADD800332D5C /* Release */ = {
			isa = XCBuildConfiguration;
			buildSettings = {
				ASSETCATALOG_COMPILER_APPICON_NAME = AppIcon;
				CODE_SIGN_STYLE = Automatic;
				DEVELOPMENT_TEAM = 683UGRW72Z;
				INFOPLIST_FILE = AutoInchDemo/Info.plist;
				IPHONEOS_DEPLOYMENT_TARGET = 10.0;
				LD_RUNPATH_SEARCH_PATHS = (
					"$(inherited)",
					"@executable_path/Frameworks",
				);
				PRODUCT_BUNDLE_IDENTIFIER = com.lee.AutoInchDemo;
				PRODUCT_NAME = "$(TARGET_NAME)";
				SWIFT_VERSION = 4.2;
				TARGETED_DEVICE_FAMILY = "1,2";
			};
			name = Release;
		};
/* End XCBuildConfiguration section */

/* Begin XCConfigurationList section */
		C9E8AEC8218DADD600332D5C /* Build configuration list for PBXProject "AutoInchDemo" */ = {
			isa = XCConfigurationList;
			buildConfigurations = (
				C9E8AEDD218DADD800332D5C /* Debug */,
				C9E8AEDE218DADD800332D5C /* Release */,
			);
			defaultConfigurationIsVisible = 0;
			defaultConfigurationName = Release;
		};
		C9E8AEDF218DADD800332D5C /* Build configuration list for PBXNativeTarget "AutoInchDemo" */ = {
			isa = XCConfigurationList;
			buildConfigurations = (
				C9E8AEE0218DADD800332D5C /* Debug */,
				C9E8AEE1218DADD800332D5C /* Release */,
			);
			defaultConfigurationIsVisible = 0;
			defaultConfigurationName = Release;
		};
/* End XCConfigurationList section */
	};
	rootObject = C9E8AEC5218DADD600332D5C /* Project object */;
}
