// !$*UTF8*$!
{
	archiveVersion = 1;
	classes = {
	};
	objectVersion = 52;
	objects = {

/* Begin PBXBuildFile section */
		1A42CE6B7492C776E2061D67 /* Pods_Demo.framework in Frameworks */ = {isa = PBXBuildFile; fileRef = DB80693A24BF052917BA4B1F /* Pods_Demo.framework */; };
		C91AE68D219199D4005A8286 /* NavigationController.swift in Sources */ = {isa = PBXBuildFile; fileRef = C91AE68C219199D4005A8286 /* NavigationController.swift */; };
		C9E8AED1218DADD600332D5C /* AppDelegate.swift in Sources */ = {isa = PBXBuildFile; fileRef = C9E8AED0218DADD600332D5C /* AppDelegate.swift */; };
		C9E8AED3218DADD600332D5C /* ViewController.swift in Sources */ = {isa = PBXBuildFile; fileRef = C9E8AED2218DADD600332D5C /* ViewController.swift */; };
		C9E8AED6218DADD600332D5C /* Main.storyboard in Resources */ = {isa = PBXBuildFile; fileRef = C9E8AED4218DADD600332D5C /* Main.storyboard */; };
		C9E8AED8218DADD800332D5C /* Assets.xcassets in Resources */ = {isa = PBXBuildFile; fileRef = C9E8AED7218DADD800332D5C /* Assets.xcassets */; };
		C9E8AEDB218DADD800332D5C /* LaunchScreen.storyboard in Resources */ = {isa = PBXBuildFile; fileRef = C9E8AED9218DADD800332D5C /* LaunchScreen.storyboard */; };
		C9E8AEEB2190002E00332D5C /* TikTok.storyboard in Resources */ = {isa = PBXBuildFile; fileRef = C9E8AEEA2190002E00332D5C /* TikTok.storyboard */; };
		C9E8AEED2190018100332D5C /* TikTokPhoneLoginViewController.swift in Sources */ = {isa = PBXBuildFile; fileRef = C9E8AEEC2190018100332D5C /* TikTokPhoneLoginViewController.swift */; };
		C9E8AEF0219001E000332D5C /* StoryBoard.swift in Sources */ = {isa = PBXBuildFile; fileRef = C9E8AEEF219001E000332D5C /* StoryBoard.swift */; };
		C9E8AEF2219019BE00332D5C /* TikTokPasswordLoginViewController.swift in Sources */ = {isa = PBXBuildFile; fileRef = C9E8AEF1219019BE00332D5C /* TikTokPasswordLoginViewController.swift */; };
		C9E8AEF42190339400332D5C /* Then.swift in Sources */ = {isa = PBXBuildFile; fileRef = C9E8AEF32190339400332D5C /* Then.swift */; };
/* End PBXBuildFile section */

/* Begin PBXFileReference section */
		31F26B46261634762DCA08EF /* Pods-Demo.debug.xcconfig */ = {isa = PBXFileReference; includeInIndex = 1; lastKnownFileType = text.xcconfig; name = "Pods-Demo.debug.xcconfig"; path = "Target Support Files/Pods-Demo/Pods-Demo.debug.xcconfig"; sourceTree = "<group>"; };
		6D2A1C9D8BBE4301AC51FA2A /* Pods-Demo.release.xcconfig */ = {isa = PBXFileReference; includeInIndex = 1; lastKnownFileType = text.xcconfig; name = "Pods-Demo.release.xcconfig"; path = "Target Support Files/Pods-Demo/Pods-Demo.release.xcconfig"; sourceTree = "<group>"; };
		C91AE68C219199D4005A8286 /* NavigationController.swift */ = {isa = PBXFileReference; lastKnownFileType = sourcecode.swift; path = NavigationController.swift; sourceTree = "<group>"; };
		C9E8AECD218DADD600332D5C /* Demo.app */ = {isa = PBXFileReference; explicitFileType = wrapper.application; includeInIndex = 0; path = Demo.app; sourceTree = BUILT_PRODUCTS_DIR; };
		C9E8AED0218DADD600332D5C /* AppDelegate.swift */ = {isa = PBXFileReference; lastKnownFileType = sourcecode.swift; path = AppDelegate.swift; sourceTree = "<group>"; };
		C9E8AED2218DADD600332D5C /* ViewController.swift */ = {isa = PBXFileReference; lastKnownFileType = sourcecode.swift; path = ViewController.swift; sourceTree = "<group>"; };
		C9E8AED5218DADD600332D5C /* Base */ = {isa = PBXFileReference; lastKnownFileType = file.storyboard; name = Base; path = Base.lproj/Main.storyboard; sourceTree = "<group>"; };
		C9E8AED7218DADD800332D5C /* Assets.xcassets */ = {isa = PBXFileReference; lastKnownFileType = folder.assetcatalog; path = Assets.xcassets; sourceTree = "<group>"; };
		C9E8AEDA218DADD800332D5C /* Base */ = {isa = PBXFileReference; lastKnownFileType = file.storyboard; name = Base; path = Base.lproj/LaunchScreen.storyboard; sourceTree = "<group>"; };
		C9E8AEDC218DADD800332D5C /* Info.plist */ = {isa = PBXFileReference; lastKnownFileType = text.plist.xml; path = Info.plist; sourceTree = "<group>"; };
		C9E8AEEA2190002E00332D5C /* TikTok.storyboard */ = {isa = PBXFileReference; lastKnownFileType = file.storyboard; path = TikTok.storyboard; sourceTree = "<group>"; };
		C9E8AEEC2190018100332D5C /* TikTokPhoneLoginViewController.swift */ = {isa = PBXFileReference; lastKnownFileType = sourcecode.swift; path = TikTokPhoneLoginViewController.swift; sourceTree = "<group>"; };
		C9E8AEEF219001E000332D5C /* StoryBoard.swift */ = {isa = PBXFileReference; fileEncoding = 4; lastKnownFileType = sourcecode.swift; path = StoryBoard.swift; sourceTree = "<group>"; };
		C9E8AEF1219019BE00332D5C /* TikTokPasswordLoginViewController.swift */ = {isa = PBXFileReference; lastKnownFileType = sourcecode.swift; path = TikTokPasswordLoginViewController.swift; sourceTree = "<group>"; };
		C9E8AEF32190339400332D5C /* Then.swift */ = {isa = PBXFileReference; fileEncoding = 4; lastKnownFileType = sourcecode.swift; path = Then.swift; sourceTree = "<group>"; };
		DB80693A24BF052917BA4B1F /* Pods_Demo.framework */ = {isa = PBXFileReference; explicitFileType = wrapper.framework; includeInIndex = 0; path = Pods_Demo.framework; sourceTree = BUILT_PRODUCTS_DIR; };
/* End PBXFileReference section */

/* Begin PBXFrameworksBuildPhase section */
		C9E8AECA218DADD600332D5C /* Frameworks */ = {
			isa = PBXFrameworksBuildPhase;
			buildActionMask = 2147483647;
			files = (
				1A42CE6B7492C776E2061D67 /* Pods_Demo.framework in Frameworks */,
			);
			runOnlyForDeploymentPostprocessing = 0;
		};
/* End PBXFrameworksBuildPhase section */

/* Begin PBXGroup section */
		3B067D1BB2517F78165BF166 /* Frameworks */ = {
			isa = PBXGroup;
			children = (
				DB80693A24BF052917BA4B1F /* Pods_Demo.framework */,
			);
			name = Frameworks;
			sourceTree = "<group>";
		};
		8B9B50CAF0A18BE579ED7053 /* Pods */ = {
			isa = PBXGroup;
			children = (
				31F26B46261634762DCA08EF /* Pods-Demo.debug.xcconfig */,
				6D2A1C9D8BBE4301AC51FA2A /* Pods-Demo.release.xcconfig */,
			);
			path = Pods;
			sourceTree = "<group>";
		};
		C9E8AEC4218DADD600332D5C = {
			isa = PBXGroup;
			children = (
				C9E8AECF218DADD600332D5C /* Demo */,
				C9E8AECE218DADD600332D5C /* Products */,
				8B9B50CAF0A18BE579ED7053 /* Pods */,
				3B067D1BB2517F78165BF166 /* Frameworks */,
			);
			sourceTree = "<group>";
		};
		C9E8AECE218DADD600332D5C /* Products */ = {
			isa = PBXGroup;
			children = (
				C9E8AECD218DADD600332D5C /* Demo.app */,
			);
			name = Products;
			sourceTree = "<group>";
		};
		C9E8AECF218DADD600332D5C /* Demo */ = {
			isa = PBXGroup;
			children = (
				C9E8AEEE219001B700332D5C /* Utils */,
				C9E8AEE7218FFFD800332D5C /* TikTok */,
				C9E8AED0218DADD600332D5C /* AppDelegate.swift */,
				C9E8AED2218DADD600332D5C /* ViewController.swift */,
				C91AE68C219199D4005A8286 /* NavigationController.swift */,
				C9E8AED4218DADD600332D5C /* Main.storyboard */,
				C9E8AED7218DADD800332D5C /* Assets.xcassets */,
				C9E8AED9218DADD800332D5C /* LaunchScreen.storyboard */,
				C9E8AEDC218DADD800332D5C /* Info.plist */,
			);
			path = Demo;
			sourceTree = "<group>";
		};
		C9E8AEE7218FFFD800332D5C /* TikTok */ = {
			isa = PBXGroup;
			children = (
				C9E8AEE92190001300332D5C /* Controller */,
				C9E8AEE82190000700332D5C /* Storyboard */,
			);
			path = TikTok;
			sourceTree = "<group>";
		};
		C9E8AEE82190000700332D5C /* Storyboard */ = {
			isa = PBXGroup;
			children = (
				C9E8AEEA2190002E00332D5C /* TikTok.storyboard */,
			);
			path = Storyboard;
			sourceTree = "<group>";
		};
		C9E8AEE92190001300332D5C /* Controller */ = {
			isa = PBXGroup;
			children = (
				C9E8AEEC2190018100332D5C /* TikTokPhoneLoginViewController.swift */,
				C9E8AEF1219019BE00332D5C /* TikTokPasswordLoginViewController.swift */,
			);
			path = Controller;
			sourceTree = "<group>";
		};
		C9E8AEEE219001B700332D5C /* Utils */ = {
			isa = PBXGroup;
			children = (
				C9E8AEF32190339400332D5C /* Then.swift */,
				C9E8AEEF219001E000332D5C /* StoryBoard.swift */,
			);
			path = Utils;
			sourceTree = "<group>";
		};
/* End PBXGroup section */

/* Begin PBXNativeTarget section */
		C9E8AECC218DADD600332D5C /* Demo */ = {
			isa = PBXNativeTarget;
			buildConfigurationList = C9E8AEDF218DADD800332D5C /* Build configuration list for PBXNativeTarget "Demo" */;
			buildPhases = (
				27871A0AD279A48DC5780669 /* [CP] Check Pods Manifest.lock */,
				C9E8AEC9218DADD600332D5C /* Sources */,
				C9E8AECA218DADD600332D5C /* Frameworks */,
				C9E8AECB218DADD600332D5C /* Resources */,
				34787AEFE0EEB1280DD997E3 /* [CP] Embed Pods Frameworks */,
			);
			buildRules = (
			);
			dependencies = (
			);
			name = Demo;
			productName = AutoInchDemo;
			productReference = C9E8AECD218DADD600332D5C /* Demo.app */;
			productType = "com.apple.product-type.application";
		};
/* End PBXNativeTarget section */

/* Begin PBXProject section */
		C9E8AEC5218DADD600332D5C /* Project object */ = {
			isa = PBXProject;
			attributes = {
				LastSwiftUpdateCheck = 1010;
				LastUpgradeCheck = 1010;
				ORGANIZATIONNAME = swift;
				TargetAttributes = {
					C9E8AECC218DADD600332D5C = {
						CreatedOnToolsVersion = 10.1;
						LastSwiftMigration = 1020;
					};
				};
			};
			buildConfigurationList = C9E8AEC8218DADD600332D5C /* Build configuration list for PBXProject "Demo" */;
			compatibilityVersion = "Xcode 11.0";
			developmentRegion = en;
			hasScannedForEncodings = 0;
			knownRegions = (
				en,
				Base,
			);
			mainGroup = C9E8AEC4218DADD600332D5C;
			productRefGroup = C9E8AECE218DADD600332D5C /* Products */;
			projectDirPath = "";
			projectRoot = "";
			targets = (
				C9E8AECC218DADD600332D5C /* Demo */,
			);
		};
/* End PBXProject section */

/* Begin PBXResourcesBuildPhase section */
		C9E8AECB218DADD600332D5C /* Resources */ = {
			isa = PBXResourcesBuildPhase;
			buildActionMask = 2147483647;
			files = (
				C9E8AEDB218DADD800332D5C /* LaunchScreen.storyboard in Resources */,
				C9E8AED8218DADD800332D5C /* Assets.xcassets in Resources */,
				C9E8AED6218DADD600332D5C /* Main.storyboard in Resources */,
				C9E8AEEB2190002E00332D5C /* TikTok.storyboard in Resources */,
			);
			runOnlyForDeploymentPostprocessing = 0;
		};
/* End PBXResourcesBuildPhase section */

/* Begin PBXShellScriptBuildPhase section */
		27871A0AD279A48DC5780669 /* [CP] Check Pods Manifest.lock */ = {
			isa = PBXShellScriptBuildPhase;
			buildActionMask = 2147483647;
			files = (
			);
			inputFileListPaths = (
			);
			inputPaths = (
				"${PODS_PODFILE_DIR_PATH}/Podfile.lock",
				"${PODS_ROOT}/Manifest.lock",
			);
			name = "[CP] Check Pods Manifest.lock";
			outputFileListPaths = (
			);
			outputPaths = (
				"$(DERIVED_FILE_DIR)/Pods-Demo-checkManifestLockResult.txt",
			);
			runOnlyForDeploymentPostprocessing = 0;
			shellPath = /bin/sh;
			shellScript = "diff \"${PODS_PODFILE_DIR_PATH}/Podfile.lock\" \"${PODS_ROOT}/Manifest.lock\" > /dev/null\nif [ $? != 0 ] ; then\n    # print error to STDERR\n    echo \"error: The sandbox is not in sync with the Podfile.lock. Run 'pod install' or update your CocoaPods installation.\" >&2\n    exit 1\nfi\n# This output is used by Xcode 'outputs' to avoid re-running this script phase.\necho \"SUCCESS\" > \"${SCRIPT_OUTPUT_FILE_0}\"\n";
			showEnvVarsInLog = 0;
		};
		34787AEFE0EEB1280DD997E3 /* [CP] Embed Pods Frameworks */ = {
			isa = PBXShellScriptBuildPhase;
			buildActionMask = 2147483647;
			files = (
			);
			inputFileListPaths = (
				"${PODS_ROOT}/Target Support Files/Pods-Demo/Pods-Demo-frameworks-${CONFIGURATION}-input-files.xcfilelist",
			);
			name = "[CP] Embed Pods Frameworks";
			outputFileListPaths = (
				"${PODS_ROOT}/Target Support Files/Pods-Demo/Pods-Demo-frameworks-${CONFIGURATION}-output-files.xcfilelist",
			);
			runOnlyForDeploymentPostprocessing = 0;
			shellPath = /bin/sh;
			shellScript = "\"${PODS_ROOT}/Target Support Files/Pods-Demo/Pods-Demo-frameworks.sh\"\n";
			showEnvVarsInLog = 0;
		};
/* End PBXShellScriptBuildPhase section */

/* Begin PBXSourcesBuildPhase section */
		C9E8AEC9218DADD600332D5C /* Sources */ = {
			isa = PBXSourcesBuildPhase;
			buildActionMask = 2147483647;
			files = (
				C9E8AED3218DADD600332D5C /* ViewController.swift in Sources */,
				C9E8AED1218DADD600332D5C /* AppDelegate.swift in Sources */,
				C9E8AEF2219019BE00332D5C /* TikTokPasswordLoginViewController.swift in Sources */,
				C9E8AEED2190018100332D5C /* TikTokPhoneLoginViewController.swift in Sources */,
				C91AE68D219199D4005A8286 /* NavigationController.swift in Sources */,
				C9E8AEF42190339400332D5C /* Then.swift in Sources */,
				C9E8AEF0219001E000332D5C /* StoryBoard.swift in Sources */,
			);
			runOnlyForDeploymentPostprocessing = 0;
		};
/* End PBXSourcesBuildPhase section */

/* Begin PBXVariantGroup section */
		C9E8AED4218DADD600332D5C /* Main.storyboard */ = {
			isa = PBXVariantGroup;
			children = (
				C9E8AED5218DADD600332D5C /* Base */,
			);
			name = Main.storyboard;
			sourceTree = "<group>";
		};
		C9E8AED9218DADD800332D5C /* LaunchScreen.storyboard */ = {
			isa = PBXVariantGroup;
			children = (
				C9E8AEDA218DADD800332D5C /* Base */,
			);
			name = LaunchScreen.storyboard;
			sourceTree = "<group>";
		};
/* End PBXVariantGroup section */

/* Begin XCBuildConfiguration section */
		C9E8AEDD218DADD800332D5C /* Debug */ = {
			isa = XCBuildConfiguration;
			buildSettings = {
				ALWAYS_SEARCH_USER_PATHS = NO;
				CLANG_ANALYZER_NONNULL = YES;
				CLANG_ANALYZER_NUMBER_OBJECT_CONVERSION = YES_AGGRESSIVE;
				CLANG_CXX_LANGUAGE_STANDARD = "gnu++14";
				CLANG_CXX_LIBRARY = "libc++";
				CLANG_ENABLE_MODULES = YES;
				CLANG_ENABLE_OBJC_ARC = YES;
				CLANG_ENABLE_OBJC_WEAK = YES;
				CLANG_WARN_BLOCK_CAPTURE_AUTORELEASING = YES;
				CLANG_WARN_BOOL_CONVERSION = YES;
				CLANG_WARN_COMMA = YES;
				CLANG_WARN_CONSTANT_CONVERSION = YES;
				CLANG_WARN_DEPRECATED_OBJC_IMPLEMENTATIONS = YES;
				CLANG_WARN_DIRECT_OBJC_ISA_USAGE = YES_ERROR;
				CLANG_WARN_DOCUMENTATION_COMMENTS = YES;
				CLANG_WARN_EMPTY_BODY = YES;
				CLANG_WARN_ENUM_CONVERSION = YES;
				CLANG_WARN_INFINITE_RECURSION = YES;
				CLANG_WARN_INT_CONVERSION = YES;
				CLANG_WARN_NON_LITERAL_NULL_CONVERSION = YES;
				CLANG_WARN_OBJC_IMPLICIT_RETAIN_SELF = YES;
				CLANG_WARN_OBJC_LITERAL_CONVERSION = YES;
				CLANG_WARN_OBJC_ROOT_CLASS = YES_ERROR;
				CLANG_WARN_RANGE_LOOP_ANALYSIS = YES;
				CLANG_WARN_STRICT_PROTOTYPES = YES;
				CLANG_WARN_SUSPICIOUS_MOVE = YES;
				CLANG_WARN_UNGUARDED_AVAILABILITY = YES_AGGRESSIVE;
				CLANG_WARN_UNREACHABLE_CODE = YES;
				CLANG_WARN__DUPLICATE_METHOD_MATCH = YES;
				CODE_SIGN_IDENTITY = "iPhone Developer";
				COPY_PHASE_STRIP = NO;
				DEBUG_INFORMATION_FORMAT = dwarf;
				ENABLE_STRICT_OBJC_MSGSEND = YES;
				ENABLE_TESTABILITY = YES;
				GCC_C_LANGUAGE_STANDARD = gnu11;
				GCC_DYNAMIC_NO_PIC = NO;
				GCC_NO_COMMON_BLOCKS = YES;
				GCC_OPTIMIZATION_LEVEL = 0;
				GCC_PREPROCESSOR_DEFINITIONS = (
					"DEBUG=1",
					"$(inherited)",
				);
				GCC_WARN_64_TO_32_BIT_CONVERSION = YES;
				GCC_WARN_ABOUT_RETURN_TYPE = YES_ERROR;
				GCC_WARN_UNDECLARED_SELECTOR = YES;
				GCC_WARN_UNINITIALIZED_AUTOS = YES_AGGRESSIVE;
				GCC_WARN_UNUSED_FUNCTION = YES;
				GCC_WARN_UNUSED_VARIABLE = YES;
				IPHONEOS_DEPLOYMENT_TARGET = 12.1;
				MTL_ENABLE_DEBUG_INFO = INCLUDE_SOURCE;
				MTL_FAST_MATH = YES;
				ONLY_ACTIVE_ARCH = YES;
				SDKROOT = iphoneos;
				SWIFT_ACTIVE_COMPILATION_CONDITIONS = DEBUG;
				SWIFT_OPTIMIZATION_LEVEL = "-Onone";
			};
			name = Debug;
		};
		C9E8AEDE218DADD800332D5C /* Release */ = {
			isa = XCBuildConfiguration;
			buildSettings = {
				ALWAYS_SEARCH_USER_PATHS = NO;
				CLANG_ANALYZER_NONNULL = YES;
				CLANG_ANALYZER_NUMBER_OBJECT_CONVERSION = YES_AGGRESSIVE;
				CLANG_CXX_LANGUAGE_STANDARD = "gnu++14";
				CLANG_CXX_LIBRARY = "libc++";
				CLANG_ENABLE_MODULES = YES;
				CLANG_ENABLE_OBJC_ARC = YES;
				CLANG_ENABLE_OBJC_WEAK = YES;
				CLANG_WARN_BLOCK_CAPTURE_AUTORELEASING = YES;
				CLANG_WARN_BOOL_CONVERSION = YES;
				CLANG_WARN_COMMA = YES;
				CLANG_WARN_CONSTANT_CONVERSION = YES;
				CLANG_WARN_DEPRECATED_OBJC_IMPLEMENTATIONS = YES;
				CLANG_WARN_DIRECT_OBJC_ISA_USAGE = YES_ERROR;
				CLANG_WARN_DOCUMENTATION_COMMENTS = YES;
				CLANG_WARN_EMPTY_BODY = YES;
				CLANG_WARN_ENUM_CONVERSION = YES;
				CLANG_WARN_INFINITE_RECURSION = YES;
				CLANG_WARN_INT_CONVERSION = YES;
				CLANG_WARN_NON_LITERAL_NULL_CONVERSION = YES;
				CLANG_WARN_OBJC_IMPLICIT_RETAIN_SELF = YES;
				CLANG_WARN_OBJC_LITERAL_CONVERSION = YES;
				CLANG_WARN_OBJC_ROOT_CLASS = YES_ERROR;
				CLANG_WARN_RANGE_LOOP_ANALYSIS = YES;
				CLANG_WARN_STRICT_PROTOTYPES = YES;
				CLANG_WARN_SUSPICIOUS_MOVE = YES;
				CLANG_WARN_UNGUARDED_AVAILABILITY = YES_AGGRESSIVE;
				CLANG_WARN_UNREACHABLE_CODE = YES;
				CLANG_WARN__DUPLICATE_METHOD_MATCH = YES;
				CODE_SIGN_IDENTITY = "iPhone Developer";
				COPY_PHASE_STRIP = NO;
				DEBUG_INFORMATION_FORMAT = "dwarf-with-dsym";
				ENABLE_NS_ASSERTIONS = NO;
				ENABLE_STRICT_OBJC_MSGSEND = YES;
				GCC_C_LANGUAGE_STANDARD = gnu11;
				GCC_NO_COMMON_BLOCKS = YES;
				GCC_WARN_64_TO_32_BIT_CONVERSION = YES;
				GCC_WARN_ABOUT_RETURN_TYPE = YES_ERROR;
				GCC_WARN_UNDECLARED_SELECTOR = YES;
				GCC_WARN_UNINITIALIZED_AUTOS = YES_AGGRESSIVE;
				GCC_WARN_UNUSED_FUNCTION = YES;
				GCC_WARN_UNUSED_VARIABLE = YES;
				IPHONEOS_DEPLOYMENT_TARGET = 12.1;
				MTL_ENABLE_DEBUG_INFO = NO;
				MTL_FAST_MATH = YES;
				SDKROOT = iphoneos;
				SWIFT_COMPILATION_MODE = wholemodule;
				SWIFT_OPTIMIZATION_LEVEL = "-O";
				VALIDATE_PRODUCT = YES;
			};
			name = Release;
		};
		C9E8AEE0218DADD800332D5C /* Debug */ = {
			isa = XCBuildConfiguration;
			baseConfigurationReference = 31F26B46261634762DCA08EF /* Pods-Demo.debug.xcconfig */;
			buildSettings = {
				ASSETCATALOG_COMPILER_APPICON_NAME = AppIcon;
				CODE_SIGN_STYLE = Automatic;
				DEVELOPMENT_TEAM = B9D8DJR5J5;
				INFOPLIST_FILE = Demo/Info.plist;
				IPHONEOS_DEPLOYMENT_TARGET = 10.0;
				LD_RUNPATH_SEARCH_PATHS = (
					"$(inherited)",
					"@executable_path/Frameworks",
				);
				PRODUCT_BUNDLE_IDENTIFIER = com.lee.autoinch.demo;
				PRODUCT_NAME = "$(TARGET_NAME)";
				SWIFT_VERSION = 5.0;
				TARGETED_DEVICE_FAMILY = "1,2";
			};
			name = Debug;
		};
		C9E8AEE1218DADD800332D5C /* Release */ = {
			isa = XCBuildConfiguration;
			baseConfigurationReference = 6D2A1C9D8BBE4301AC51FA2A /* Pods-Demo.release.xcconfig */;
			buildSettings = {
				ASSETCATALOG_COMPILER_APPICON_NAME = AppIcon;
				CODE_SIGN_STYLE = Automatic;
				DEVELOPMENT_TEAM = B9D8DJR5J5;
				INFOPLIST_FILE = Demo/Info.plist;
				IPHONEOS_DEPLOYMENT_TARGET = 10.0;
				LD_RUNPATH_SEARCH_PATHS = (
					"$(inherited)",
					"@executable_path/Frameworks",
				);
				PRODUCT_BUNDLE_IDENTIFIER = com.lee.autoinch.demo;
				PRODUCT_NAME = "$(TARGET_NAME)";
				SWIFT_VERSION = 5.0;
				TARGETED_DEVICE_FAMILY = "1,2";
			};
			name = Release;
		};
/* End XCBuildConfiguration section */

/* Begin XCConfigurationList section */
		C9E8AEC8218DADD600332D5C /* Build configuration list for PBXProject "Demo" */ = {
			isa = XCConfigurationList;
			buildConfigurations = (
				C9E8AEDD218DADD800332D5C /* Debug */,
				C9E8AEDE218DADD800332D5C /* Release */,
			);
			defaultConfigurationIsVisible = 0;
			defaultConfigurationName = Release;
		};
		C9E8AEDF218DADD800332D5C /* Build configuration list for PBXNativeTarget "Demo" */ = {
			isa = XCConfigurationList;
			buildConfigurations = (
				C9E8AEE0218DADD800332D5C /* Debug */,
				C9E8AEE1218DADD800332D5C /* Release */,
			);
			defaultConfigurationIsVisible = 0;
			defaultConfigurationName = Release;
		};
/* End XCConfigurationList section */
	};
	rootObject = C9E8AEC5218DADD600332D5C /* Project object */;
}
