PODS:
  - AutoInch (2.5.2):
    - AutoInch/Privacy (= 2.5.2)
  - AutoInch/Privacy (2.5.2)

DEPENDENCIES:
  - AutoInch (from `../`)

EXTERNAL SOURCES:
  AutoInch:
    :path: "../"

SPEC CHECKSUMS:
  AutoInch: 6c88ddebaf722c5fa400300047e252805eb5824e

PODFILE CHECKSUM: 87c7fbb0c3b78dc2f06e2c6e064d7e446eefd9de

COCOAPODS: 1.15.2
