PODS:
  - AutoInch (2.5.0):
    - AutoInch/Privacy (= 2.5.0)
  - AutoInch/Privacy (2.5.0)

DEPENDENCIES:
  - AutoInch (from `../`)

EXTERNAL SOURCES:
  AutoInch:
    :path: "../"

SPEC CHECKSUMS:
  AutoInch: 1d75dc0ef81b295f913b038cc4dd4ecd32e1e1b9

PODFILE CHECKSUM: ecf7d3b2dbf7db87c4f919501ebdb320458e7aef

COCOAPODS: 1.15.2
