// !$*UTF8*$!
{
	archiveVersion = 1;
	classes = {
	};
	objectVersion = 50;
	objects = {

/* Begin PBXBuildFile section */
		C951E5D42189567D005D0877 /* AppDelegate.swift in Sources */ = {isa = PBXBuildFile; fileRef = C951E5D32189567D005D0877 /* AppDelegate.swift */; };
		C951E5D62189567D005D0877 /* ViewController.swift in Sources */ = {isa = PBXBuildFile; fileRef = C951E5D52189567D005D0877 /* ViewController.swift */; };
		C951E5D92189567D005D0877 /* Main.storyboard in Resources */ = {isa = PBXBuildFile; fileRef = C951E5D72189567D005D0877 /* Main.storyboard */; };
		C951E5DB2189567F005D0877 /* Assets.xcassets in Resources */ = {isa = PBXBuildFile; fileRef = C951E5DA2189567F005D0877 /* Assets.xcassets */; };
		C951E5DE2189567F005D0877 /* LaunchScreen.storyboard in Resources */ = {isa = PBXBuildFile; fileRef = C951E5DC2189567F005D0877 /* LaunchScreen.storyboard */; };
		C951E5E721895698005D0877 /* Inch.swift in Sources */ = {isa = PBXBuildFile; fileRef = C951E5E621895698005D0877 /* Inch.swift */; };
		C989AF93218C0A9100D52936 /* Auto.swift in Sources */ = {isa = PBXBuildFile; fileRef = C989AF92218C0A9100D52936 /* Auto.swift */; };
/* End PBXBuildFile section */

/* Begin PBXFileReference section */
		C951E5D02189567D005D0877 /* InchDemo.app */ = {isa = PBXFileReference; explicitFileType = wrapper.application; includeInIndex = 0; path = InchDemo.app; sourceTree = BUILT_PRODUCTS_DIR; };
		C951E5D32189567D005D0877 /* AppDelegate.swift */ = {isa = PBXFileReference; lastKnownFileType = sourcecode.swift; path = AppDelegate.swift; sourceTree = "<group>"; };
		C951E5D52189567D005D0877 /* ViewController.swift */ = {isa = PBXFileReference; lastKnownFileType = sourcecode.swift; path = ViewController.swift; sourceTree = "<group>"; };
		C951E5D82189567D005D0877 /* Base */ = {isa = PBXFileReference; lastKnownFileType = file.storyboard; name = Base; path = Base.lproj/Main.storyboard; sourceTree = "<group>"; };
		C951E5DA2189567F005D0877 /* Assets.xcassets */ = {isa = PBXFileReference; lastKnownFileType = folder.assetcatalog; path = Assets.xcassets; sourceTree = "<group>"; };
		C951E5DD2189567F005D0877 /* Base */ = {isa = PBXFileReference; lastKnownFileType = file.storyboard; name = Base; path = Base.lproj/LaunchScreen.storyboard; sourceTree = "<group>"; };
		C951E5DF2189567F005D0877 /* Info.plist */ = {isa = PBXFileReference; lastKnownFileType = text.plist.xml; path = Info.plist; sourceTree = "<group>"; };
		C951E5E621895698005D0877 /* Inch.swift */ = {isa = PBXFileReference; fileEncoding = 4; lastKnownFileType = sourcecode.swift; path = Inch.swift; sourceTree = "<group>"; };
		C989AF92218C0A9100D52936 /* Auto.swift */ = {isa = PBXFileReference; lastKnownFileType = sourcecode.swift; path = Auto.swift; sourceTree = "<group>"; };
/* End PBXFileReference section */

/* Begin PBXFrameworksBuildPhase section */
		C951E5CD2189567D005D0877 /* Frameworks */ = {
			isa = PBXFrameworksBuildPhase;
			buildActionMask = 2147483647;
			files = (
			);
			runOnlyForDeploymentPostprocessing = 0;
		};
/* End PBXFrameworksBuildPhase section */

/* Begin PBXGroup section */
		C951E5C72189567D005D0877 = {
			isa = PBXGroup;
			children = (
				C951E5D22189567D005D0877 /* InchDemo */,
				C951E5D12189567D005D0877 /* Products */,
			);
			sourceTree = "<group>";
		};
		C951E5D12189567D005D0877 /* Products */ = {
			isa = PBXGroup;
			children = (
				C951E5D02189567D005D0877 /* InchDemo.app */,
			);
			name = Products;
			sourceTree = "<group>";
		};
		C951E5D22189567D005D0877 /* InchDemo */ = {
			isa = PBXGroup;
			children = (
				C951E5E521895698005D0877 /* Inch */,
				C951E5D32189567D005D0877 /* AppDelegate.swift */,
				C951E5D52189567D005D0877 /* ViewController.swift */,
				C951E5D72189567D005D0877 /* Main.storyboard */,
				C951E5DA2189567F005D0877 /* Assets.xcassets */,
				C951E5DC2189567F005D0877 /* LaunchScreen.storyboard */,
				C951E5DF2189567F005D0877 /* Info.plist */,
			);
			path = InchDemo;
			sourceTree = "<group>";
		};
		C951E5E521895698005D0877 /* Inch */ = {
			isa = PBXGroup;
			children = (
				C951E5E621895698005D0877 /* Inch.swift */,
				C989AF92218C0A9100D52936 /* Auto.swift */,
			);
			name = Inch;
			path = ../../Inch;
			sourceTree = "<group>";
		};
/* End PBXGroup section */

/* Begin PBXNativeTarget section */
		C951E5CF2189567D005D0877 /* InchDemo */ = {
			isa = PBXNativeTarget;
			buildConfigurationList = C951E5E22189567F005D0877 /* Build configuration list for PBXNativeTarget "InchDemo" */;
			buildPhases = (
				C951E5CC2189567D005D0877 /* Sources */,
				C951E5CD2189567D005D0877 /* Frameworks */,
				C951E5CE2189567D005D0877 /* Resources */,
			);
			buildRules = (
			);
			dependencies = (
			);
			name = InchDemo;
			productName = InchDemo;
			productReference = C951E5D02189567D005D0877 /* InchDemo.app */;
			productType = "com.apple.product-type.application";
		};
/* End PBXNativeTarget section */

/* Begin PBXProject section */
		C951E5C82189567D005D0877 /* Project object */ = {
			isa = PBXProject;
			attributes = {
				LastSwiftUpdateCheck = 1000;
				LastUpgradeCheck = 1000;
				ORGANIZATIONNAME = swift;
				TargetAttributes = {
					C951E5CF2189567D005D0877 = {
						CreatedOnToolsVersion = 10.0;
					};
				};
			};
			buildConfigurationList = C951E5CB2189567D005D0877 /* Build configuration list for PBXProject "InchDemo" */;
			compatibilityVersion = "Xcode 9.3";
			developmentRegion = en;
			hasScannedForEncodings = 0;
			knownRegions = (
				en,
				Base,
			);
			mainGroup = C951E5C72189567D005D0877;
			productRefGroup = C951E5D12189567D005D0877 /* Products */;
			projectDirPath = "";
			projectRoot = "";
			targets = (
				C951E5CF2189567D005D0877 /* InchDemo */,
			);
		};
/* End PBXProject section */

/* Begin PBXResourcesBuildPhase section */
		C951E5CE2189567D005D0877 /* Resources */ = {
			isa = PBXResourcesBuildPhase;
			buildActionMask = 2147483647;
			files = (
				C951E5DE2189567F005D0877 /* LaunchScreen.storyboard in Resources */,
				C951E5DB2189567F005D0877 /* Assets.xcassets in Resources */,
				C951E5D92189567D005D0877 /* Main.storyboard in Resources */,
			);
			runOnlyForDeploymentPostprocessing = 0;
		};
/* End PBXResourcesBuildPhase section */

/* Begin PBXSourcesBuildPhase section */
		C951E5CC2189567D005D0877 /* Sources */ = {
			isa = PBXSourcesBuildPhase;
			buildActionMask = 2147483647;
			files = (
				C951E5E721895698005D0877 /* Inch.swift in Sources */,
				C951E5D62189567D005D0877 /* ViewController.swift in Sources */,
				C989AF93218C0A9100D52936 /* Auto.swift in Sources */,
				C951E5D42189567D005D0877 /* AppDelegate.swift in Sources */,
			);
			runOnlyForDeploymentPostprocessing = 0;
		};
/* End PBXSourcesBuildPhase section */

/* Begin PBXVariantGroup section */
		C951E5D72189567D005D0877 /* Main.storyboard */ = {
			isa = PBXVariantGroup;
			children = (
				C951E5D82189567D005D0877 /* Base */,
			);
			name = Main.storyboard;
			sourceTree = "<group>";
		};
		C951E5DC2189567F005D0877 /* LaunchScreen.storyboard */ = {
			isa = PBXVariantGroup;
			children = (
				C951E5DD2189567F005D0877 /* Base */,
			);
			name = LaunchScreen.storyboard;
			sourceTree = "<group>";
		};
/* End PBXVariantGroup section */

/* Begin XCBuildConfiguration section */
		C951E5E02189567F005D0877 /* Debug */ = {
			isa = XCBuildConfiguration;
			buildSettings = {
				ALWAYS_SEARCH_USER_PATHS = NO;
				CLANG_ANALYZER_NONNULL = YES;
				CLANG_ANALYZER_NUMBER_OBJECT_CONVERSION = YES_AGGRESSIVE;
				CLANG_CXX_LANGUAGE_STANDARD = "gnu++14";
				CLANG_CXX_LIBRARY = "libc++";
				CLANG_ENABLE_MODULES = YES;
				CLANG_ENABLE_OBJC_ARC = YES;
				CLANG_ENABLE_OBJC_WEAK = YES;
				CLANG_WARN_BLOCK_CAPTURE_AUTORELEASING = YES;
				CLANG_WARN_BOOL_CONVERSION = YES;
				CLANG_WARN_COMMA = YES;
				CLANG_WARN_CONSTANT_CONVERSION = YES;
				CLANG_WARN_DEPRECATED_OBJC_IMPLEMENTATIONS = YES;
				CLANG_WARN_DIRECT_OBJC_ISA_USAGE = YES_ERROR;
				CLANG_WARN_DOCUMENTATION_COMMENTS = YES;
				CLANG_WARN_EMPTY_BODY = YES;
				CLANG_WARN_ENUM_CONVERSION = YES;
				CLANG_WARN_INFINITE_RECURSION = YES;
				CLANG_WARN_INT_CONVERSION = YES;
				CLANG_WARN_NON_LITERAL_NULL_CONVERSION = YES;
				CLANG_WARN_OBJC_IMPLICIT_RETAIN_SELF = YES;
				CLANG_WARN_OBJC_LITERAL_CONVERSION = YES;
				CLANG_WARN_OBJC_ROOT_CLASS = YES_ERROR;
				CLANG_WARN_RANGE_LOOP_ANALYSIS = YES;
				CLANG_WARN_STRICT_PROTOTYPES = YES;
				CLANG_WARN_SUSPICIOUS_MOVE = YES;
				CLANG_WARN_UNGUARDED_AVAILABILITY = YES_AGGRESSIVE;
				CLANG_WARN_UNREACHABLE_CODE = YES;
				CLANG_WARN__DUPLICATE_METHOD_MATCH = YES;
				CODE_SIGN_IDENTITY = "iPhone Developer";
				COPY_PHASE_STRIP = NO;
				DEBUG_INFORMATION_FORMAT = dwarf;
				ENABLE_STRICT_OBJC_MSGSEND = YES;
				ENABLE_TESTABILITY = YES;
				GCC_C_LANGUAGE_STANDARD = gnu11;
				GCC_DYNAMIC_NO_PIC = NO;
				GCC_NO_COMMON_BLOCKS = YES;
				GCC_OPTIMIZATION_LEVEL = 0;
				GCC_PREPROCESSOR_DEFINITIONS = (
					"DEBUG=1",
					"$(inherited)",
				);
				GCC_WARN_64_TO_32_BIT_CONVERSION = YES;
				GCC_WARN_ABOUT_RETURN_TYPE = YES_ERROR;
				GCC_WARN_UNDECLARED_SELECTOR = YES;
				GCC_WARN_UNINITIALIZED_AUTOS = YES_AGGRESSIVE;
				GCC_WARN_UNUSED_FUNCTION = YES;
				GCC_WARN_UNUSED_VARIABLE = YES;
				IPHONEOS_DEPLOYMENT_TARGET = 12.0;
				MTL_ENABLE_DEBUG_INFO = INCLUDE_SOURCE;
				MTL_FAST_MATH = YES;
				ONLY_ACTIVE_ARCH = YES;
				SDKROOT = iphoneos;
				SWIFT_ACTIVE_COMPILATION_CONDITIONS = DEBUG;
				SWIFT_OPTIMIZATION_LEVEL = "-Onone";
			};
			name = Debug;
		};
		C951E5E12189567F005D0877 /* Release */ = {
			isa = XCBuildConfiguration;
			buildSettings = {
				ALWAYS_SEARCH_USER_PATHS = NO;
				CLANG_ANALYZER_NONNULL = YES;
				CLANG_ANALYZER_NUMBER_OBJECT_CONVERSION = YES_AGGRESSIVE;
				CLANG_CXX_LANGUAGE_STANDARD = "gnu++14";
				CLANG_CXX_LIBRARY = "libc++";
				CLANG_ENABLE_MODULES = YES;
				CLANG_ENABLE_OBJC_ARC = YES;
				CLANG_ENABLE_OBJC_WEAK = YES;
				CLANG_WARN_BLOCK_CAPTURE_AUTORELEASING = YES;
				CLANG_WARN_BOOL_CONVERSION = YES;
				CLANG_WARN_COMMA = YES;
				CLANG_WARN_CONSTANT_CONVERSION = YES;
				CLANG_WARN_DEPRECATED_OBJC_IMPLEMENTATIONS = YES;
				CLANG_WARN_DIRECT_OBJC_ISA_USAGE = YES_ERROR;
				CLANG_WARN_DOCUMENTATION_COMMENTS = YES;
				CLANG_WARN_EMPTY_BODY = YES;
				CLANG_WARN_ENUM_CONVERSION = YES;
				CLANG_WARN_INFINITE_RECURSION = YES;
				CLANG_WARN_INT_CONVERSION = YES;
				CLANG_WARN_NON_LITERAL_NULL_CONVERSION = YES;
				CLANG_WARN_OBJC_IMPLICIT_RETAIN_SELF = YES;
				CLANG_WARN_OBJC_LITERAL_CONVERSION = YES;
				CLANG_WARN_OBJC_ROOT_CLASS = YES_ERROR;
				CLANG_WARN_RANGE_LOOP_ANALYSIS = YES;
				CLANG_WARN_STRICT_PROTOTYPES = YES;
				CLANG_WARN_SUSPICIOUS_MOVE = YES;
				CLANG_WARN_UNGUARDED_AVAILABILITY = YES_AGGRESSIVE;
				CLANG_WARN_UNREACHABLE_CODE = YES;
				CLANG_WARN__DUPLICATE_METHOD_MATCH = YES;
				CODE_SIGN_IDENTITY = "iPhone Developer";
				COPY_PHASE_STRIP = NO;
				DEBUG_INFORMATION_FORMAT = "dwarf-with-dsym";
				ENABLE_NS_ASSERTIONS = NO;
				ENABLE_STRICT_OBJC_MSGSEND = YES;
				GCC_C_LANGUAGE_STANDARD = gnu11;
				GCC_NO_COMMON_BLOCKS = YES;
				GCC_WARN_64_TO_32_BIT_CONVERSION = YES;
				GCC_WARN_ABOUT_RETURN_TYPE = YES_ERROR;
				GCC_WARN_UNDECLARED_SELECTOR = YES;
				GCC_WARN_UNINITIALIZED_AUTOS = YES_AGGRESSIVE;
				GCC_WARN_UNUSED_FUNCTION = YES;
				GCC_WARN_UNUSED_VARIABLE = YES;
				IPHONEOS_DEPLOYMENT_TARGET = 12.0;
				MTL_ENABLE_DEBUG_INFO = NO;
				MTL_FAST_MATH = YES;
				SDKROOT = iphoneos;
				SWIFT_COMPILATION_MODE = wholemodule;
				SWIFT_OPTIMIZATION_LEVEL = "-O";
				VALIDATE_PRODUCT = YES;
			};
			name = Release;
		};
		C951E5E32189567F005D0877 /* Debug */ = {
			isa = XCBuildConfiguration;
			buildSettings = {
				ASSETCATALOG_COMPILER_APPICON_NAME = AppIcon;
				CODE_SIGN_STYLE = Automatic;
				DEVELOPMENT_TEAM = 3GNXU2LRUU;
				INFOPLIST_FILE = InchDemo/Info.plist;
				LD_RUNPATH_SEARCH_PATHS = (
					"$(inherited)",
					"@executable_path/Frameworks",
				);
				PRODUCT_BUNDLE_IDENTIFIER = com.lee.InchDemo;
				PRODUCT_NAME = "$(TARGET_NAME)";
				SWIFT_VERSION = 4.2;
				TARGETED_DEVICE_FAMILY = "1,2";
			};
			name = Debug;
		};
		C951E5E42189567F005D0877 /* Release */ = {
			isa = XCBuildConfiguration;
			buildSettings = {
				ASSETCATALOG_COMPILER_APPICON_NAME = AppIcon;
				CODE_SIGN_STYLE = Automatic;
				DEVELOPMENT_TEAM = 3GNXU2LRUU;
				INFOPLIST_FILE = InchDemo/Info.plist;
				LD_RUNPATH_SEARCH_PATHS = (
					"$(inherited)",
					"@executable_path/Frameworks",
				);
				PRODUCT_BUNDLE_IDENTIFIER = com.lee.InchDemo;
				PRODUCT_NAME = "$(TARGET_NAME)";
				SWIFT_VERSION = 4.2;
				TARGETED_DEVICE_FAMILY = "1,2";
			};
			name = Release;
		};
/* End XCBuildConfiguration section */

/* Begin XCConfigurationList section */
		C951E5CB2189567D005D0877 /* Build configuration list for PBXProject "InchDemo" */ = {
			isa = XCConfigurationList;
			buildConfigurations = (
				C951E5E02189567F005D0877 /* Debug */,
				C951E5E12189567F005D0877 /* Release */,
			);
			defaultConfigurationIsVisible = 0;
			defaultConfigurationName = Release;
		};
		C951E5E22189567F005D0877 /* Build configuration list for PBXNativeTarget "InchDemo" */ = {
			isa = XCConfigurationList;
			buildConfigurations = (
				C951E5E32189567F005D0877 /* Debug */,
				C951E5E42189567F005D0877 /* Release */,
			);
			defaultConfigurationIsVisible = 0;
			defaultConfigurationName = Release;
		};
/* End XCConfigurationList section */
	};
	rootObject = C951E5C82189567D005D0877 /* Project object */;
}
